
Microsoft Visual Studio Solution File, Format Version 12.00
Project("{FAE04EC0-301F-11D3-BF4B-00C04F79EFBC}") = "WebTicketSystem", "Clients\WebTicketSystem\WebTicketSystem.csproj", "{BA4F86C9-CD91-4666-9AD4-0F92EE3F9A1B}"
EndProject
Project("{2150E333-8FDC-42A3-9474-1A3956D46DE8}") = "BackgroundApps", "BackgroundApps", "{AB9D4A87-E16B-4E6F-9B67-674927773CDA}"
EndProject
Project("{FAE04EC0-301F-11D3-BF4B-00C04F79EFBC}") = "MigrationTicketSystem", "BackgroundApps\MigrationTicketSystem\MigrationTicketSystem.csproj", "{EB71660E-DE05-4FC5-A7DC-140091066707}"
EndProject
Project("{2150E333-8FDC-42A3-9474-1A3956D46DE8}") = "Databases", "Databases", "{0AAB1FC8-5288-4D71-8FC0-D71E4D35B67A}"
EndProject
Project("{2150E333-8FDC-42A3-9474-1A3956D46DE8}") = "Models", "Models", "{251AAD29-E74F-42BB-A770-C98572F77F4F}"
EndProject
Project("{2150E333-8FDC-42A3-9474-1A3956D46DE8}") = "Services", "Services", "{9F5CC100-5C02-4976-A6FE-AC5F1E18C5DB}"
EndProject
Project("{FAE04EC0-301F-11D3-BF4B-00C04F79EFBC}") = "Entities", "Models\Entities\Entities.csproj", "{C9EFC0CB-6BF0-494D-AD5D-64E62738BD8B}"
EndProject
Project("{FAE04EC0-301F-11D3-BF4B-00C04F79EFBC}") = "TicketSystemContext", "Databases\TicketSystemContext\TicketSystemContext.csproj", "{F9B79B95-782E-4E6D-9373-72FBD6A3BF4F}"
EndProject
Project("{FAE04EC0-301F-11D3-BF4B-00C04F79EFBC}") = "DataCommon", "Services\DataCommon\DataCommon.csproj", "{4191EE78-4462-4F39-870B-E478D3DB0326}"
EndProject
Project("{FAE04EC0-301F-11D3-BF4B-00C04F79EFBC}") = "TicketSystemService", "Services\TicketSystemService\TicketSystemService.csproj", "{61526DF5-1DE3-4CCF-8053-100FC5C7319F}"
EndProject
Project("{FAE04EC0-301F-11D3-BF4B-00C04F79EFBC}") = "Messages", "Models\Messages\Messages.csproj", "{2262A49A-713A-42BF-B6C1-73F3BB4E372E}"
EndProject
Project("{FAE04EC0-301F-11D3-BF4B-00C04F79EFBC}") = "Infrastructure", "Services\Infrastructure\Infrastructure.csproj", "{58AE0B75-10D7-46AF-9F85-D1D2202F6560}"
EndProject
Project("{FAE04EC0-301F-11D3-BF4B-00C04F79EFBC}") = "DTOs", "Models\DTOs\DTOs.csproj", "{BAD90516-838F-48D6-B4C8-D35119E88CCA}"
EndProject
Project("{FAE04EC0-301F-11D3-BF4B-00C04F79EFBC}") = "Common", "Models\Common\Common.csproj", "{857786E1-15D5-411D-8E99-66DEFDBD82B3}"
EndProject
Project("{2150E333-8FDC-42A3-9474-1A3956D46DE8}") = "Clients", "Clients", "{0D5C85E3-4304-4ECE-A2D3-6983F807C611}"
EndProject
Project("{2150E333-8FDC-42A3-9474-1A3956D46DE8}") = "DockerFiles", "DockerFiles", "{EC1D18F2-8370-4A06-A2E7-82F40CE64623}"
ProjectSection(SolutionItems) = preProject
	docker-compose.yml = docker-compose.yml
EndProjectSection
EndProject
Global
	GlobalSection(SolutionConfigurationPlatforms) = preSolution
		Debug|Any CPU = Debug|Any CPU
		Release|Any CPU = Release|Any CPU
	EndGlobalSection
	GlobalSection(ProjectConfigurationPlatforms) = postSolution
		{BA4F86C9-CD91-4666-9AD4-0F92EE3F9A1B}.Debug|Any CPU.ActiveCfg = Debug|Any CPU
		{BA4F86C9-CD91-4666-9AD4-0F92EE3F9A1B}.Debug|Any CPU.Build.0 = Debug|Any CPU
		{BA4F86C9-CD91-4666-9AD4-0F92EE3F9A1B}.Release|Any CPU.ActiveCfg = Release|Any CPU
		{BA4F86C9-CD91-4666-9AD4-0F92EE3F9A1B}.Release|Any CPU.Build.0 = Release|Any CPU
		{EB71660E-DE05-4FC5-A7DC-140091066707}.Debug|Any CPU.ActiveCfg = Debug|Any CPU
		{EB71660E-DE05-4FC5-A7DC-140091066707}.Debug|Any CPU.Build.0 = Debug|Any CPU
		{EB71660E-DE05-4FC5-A7DC-140091066707}.Release|Any CPU.ActiveCfg = Release|Any CPU
		{EB71660E-DE05-4FC5-A7DC-140091066707}.Release|Any CPU.Build.0 = Release|Any CPU
		{C9EFC0CB-6BF0-494D-AD5D-64E62738BD8B}.Debug|Any CPU.ActiveCfg = Debug|Any CPU
		{C9EFC0CB-6BF0-494D-AD5D-64E62738BD8B}.Debug|Any CPU.Build.0 = Debug|Any CPU
		{C9EFC0CB-6BF0-494D-AD5D-64E62738BD8B}.Release|Any CPU.ActiveCfg = Release|Any CPU
		{C9EFC0CB-6BF0-494D-AD5D-64E62738BD8B}.Release|Any CPU.Build.0 = Release|Any CPU
		{F9B79B95-782E-4E6D-9373-72FBD6A3BF4F}.Debug|Any CPU.ActiveCfg = Debug|Any CPU
		{F9B79B95-782E-4E6D-9373-72FBD6A3BF4F}.Debug|Any CPU.Build.0 = Debug|Any CPU
		{F9B79B95-782E-4E6D-9373-72FBD6A3BF4F}.Release|Any CPU.ActiveCfg = Release|Any CPU
		{F9B79B95-782E-4E6D-9373-72FBD6A3BF4F}.Release|Any CPU.Build.0 = Release|Any CPU
		{4191EE78-4462-4F39-870B-E478D3DB0326}.Debug|Any CPU.ActiveCfg = Debug|Any CPU
		{4191EE78-4462-4F39-870B-E478D3DB0326}.Debug|Any CPU.Build.0 = Debug|Any CPU
		{4191EE78-4462-4F39-870B-E478D3DB0326}.Release|Any CPU.ActiveCfg = Release|Any CPU
		{4191EE78-4462-4F39-870B-E478D3DB0326}.Release|Any CPU.Build.0 = Release|Any CPU
		{61526DF5-1DE3-4CCF-8053-100FC5C7319F}.Debug|Any CPU.ActiveCfg = Debug|Any CPU
		{61526DF5-1DE3-4CCF-8053-100FC5C7319F}.Debug|Any CPU.Build.0 = Debug|Any CPU
		{61526DF5-1DE3-4CCF-8053-100FC5C7319F}.Release|Any CPU.ActiveCfg = Release|Any CPU
		{61526DF5-1DE3-4CCF-8053-100FC5C7319F}.Release|Any CPU.Build.0 = Release|Any CPU
		{2262A49A-713A-42BF-B6C1-73F3BB4E372E}.Debug|Any CPU.ActiveCfg = Debug|Any CPU
		{2262A49A-713A-42BF-B6C1-73F3BB4E372E}.Debug|Any CPU.Build.0 = Debug|Any CPU
		{2262A49A-713A-42BF-B6C1-73F3BB4E372E}.Release|Any CPU.ActiveCfg = Release|Any CPU
		{2262A49A-713A-42BF-B6C1-73F3BB4E372E}.Release|Any CPU.Build.0 = Release|Any CPU
		{58AE0B75-10D7-46AF-9F85-D1D2202F6560}.Debug|Any CPU.ActiveCfg = Debug|Any CPU
		{58AE0B75-10D7-46AF-9F85-D1D2202F6560}.Debug|Any CPU.Build.0 = Debug|Any CPU
		{58AE0B75-10D7-46AF-9F85-D1D2202F6560}.Release|Any CPU.ActiveCfg = Release|Any CPU
		{58AE0B75-10D7-46AF-9F85-D1D2202F6560}.Release|Any CPU.Build.0 = Release|Any CPU
		{BAD90516-838F-48D6-B4C8-D35119E88CCA}.Debug|Any CPU.ActiveCfg = Debug|Any CPU
		{BAD90516-838F-48D6-B4C8-D35119E88CCA}.Debug|Any CPU.Build.0 = Debug|Any CPU
		{BAD90516-838F-48D6-B4C8-D35119E88CCA}.Release|Any CPU.ActiveCfg = Release|Any CPU
		{BAD90516-838F-48D6-B4C8-D35119E88CCA}.Release|Any CPU.Build.0 = Release|Any CPU
		{857786E1-15D5-411D-8E99-66DEFDBD82B3}.Debug|Any CPU.ActiveCfg = Debug|Any CPU
		{857786E1-15D5-411D-8E99-66DEFDBD82B3}.Debug|Any CPU.Build.0 = Debug|Any CPU
		{857786E1-15D5-411D-8E99-66DEFDBD82B3}.Release|Any CPU.ActiveCfg = Release|Any CPU
		{857786E1-15D5-411D-8E99-66DEFDBD82B3}.Release|Any CPU.Build.0 = Release|Any CPU
	EndGlobalSection
	GlobalSection(NestedProjects) = preSolution
		{EB71660E-DE05-4FC5-A7DC-140091066707} = {AB9D4A87-E16B-4E6F-9B67-674927773CDA}
		{C9EFC0CB-6BF0-494D-AD5D-64E62738BD8B} = {251AAD29-E74F-42BB-A770-C98572F77F4F}
		{F9B79B95-782E-4E6D-9373-72FBD6A3BF4F} = {0AAB1FC8-5288-4D71-8FC0-D71E4D35B67A}
		{4191EE78-4462-4F39-870B-E478D3DB0326} = {9F5CC100-5C02-4976-A6FE-AC5F1E18C5DB}
		{61526DF5-1DE3-4CCF-8053-100FC5C7319F} = {9F5CC100-5C02-4976-A6FE-AC5F1E18C5DB}
		{2262A49A-713A-42BF-B6C1-73F3BB4E372E} = {251AAD29-E74F-42BB-A770-C98572F77F4F}
		{58AE0B75-10D7-46AF-9F85-D1D2202F6560} = {9F5CC100-5C02-4976-A6FE-AC5F1E18C5DB}
		{BAD90516-838F-48D6-B4C8-D35119E88CCA} = {251AAD29-E74F-42BB-A770-C98572F77F4F}
		{857786E1-15D5-411D-8E99-66DEFDBD82B3} = {251AAD29-E74F-42BB-A770-C98572F77F4F}
		{BA4F86C9-CD91-4666-9AD4-0F92EE3F9A1B} = {0D5C85E3-4304-4ECE-A2D3-6983F807C611}
	EndGlobalSection
EndGlobal
